
Microsoft Visual Studio Solution File, Format Version 12.00
# Visual Studio Version 17
VisualStudioVersion = 17.4.33110.190
MinimumVisualStudioVersion = 10.0.40219.1
Project("{9A19103F-16F7-4668-BE54-9A1E7A4F7556}") = "PPM.Model", "PPM.Model\PPM.Model.csproj", "{31A99940-1634-48B8-B5A3-92BA8D71A32A}"
EndProject
Project("{9A19103F-16F7-4668-BE54-9A1E7A4F7556}") = "PPM.Domain", "PPM.Domain\PPM.Domain.csproj", "{80A4FB1D-63E3-422D-A660-EBDD9F6623BE}"
EndProject
Project("{9A19103F-16F7-4668-BE54-9A1E7A4F7556}") = "PPM.UI", "PPM.UI\PPM.UI.csproj", "{362E0DEB-972C-42DB-8E81-60546FEB0969}"
EndProject
Project("{9A19103F-16F7-4668-BE54-9A1E7A4F7556}") = "PPM.Main", "PPM.Main\PPM.Main.csproj", "{2FAE7EAB-B1A4-4D1E-9E7D-8AF1EEA8F37A}"
EndProject
Project("{9A19103F-16F7-4668-BE54-9A1E7A4F7556}") = "Testing", "Testing\Testing.csproj", "{0BE9AFF8-B606-484C-BFB6-A06B50809404}"
EndProject
Global
	GlobalSection(SolutionConfigurationPlatforms) = preSolution
		Debug|Any CPU = Debug|Any CPU
		Release|Any CPU = Release|Any CPU
	EndGlobalSection
	GlobalSection(ProjectConfigurationPlatforms) = postSolution
		{31A99940-1634-48B8-B5A3-92BA8D71A32A}.Debug|Any CPU.ActiveCfg = Debug|Any CPU
		{31A99940-1634-48B8-B5A3-92BA8D71A32A}.Debug|Any CPU.Build.0 = Debug|Any CPU
		{31A99940-1634-48B8-B5A3-92BA8D71A32A}.Release|Any CPU.ActiveCfg = Release|Any CPU
		{31A99940-1634-48B8-B5A3-92BA8D71A32A}.Release|Any CPU.Build.0 = Release|Any CPU
		{80A4FB1D-63E3-422D-A660-EBDD9F6623BE}.Debug|Any CPU.ActiveCfg = Debug|Any CPU
		{80A4FB1D-63E3-422D-A660-EBDD9F6623BE}.Debug|Any CPU.Build.0 = Debug|Any CPU
		{80A4FB1D-63E3-422D-A660-EBDD9F6623BE}.Release|Any CPU.ActiveCfg = Release|Any CPU
		{80A4FB1D-63E3-422D-A660-EBDD9F6623BE}.Release|Any CPU.Build.0 = Release|Any CPU
		{362E0DEB-972C-42DB-8E81-60546FEB0969}.Debug|Any CPU.ActiveCfg = Debug|Any CPU
		{362E0DEB-972C-42DB-8E81-60546FEB0969}.Debug|Any CPU.Build.0 = Debug|Any CPU
		{362E0DEB-972C-42DB-8E81-60546FEB0969}.Release|Any CPU.ActiveCfg = Release|Any CPU
		{362E0DEB-972C-42DB-8E81-60546FEB0969}.Release|Any CPU.Build.0 = Release|Any CPU
		{2FAE7EAB-B1A4-4D1E-9E7D-8AF1EEA8F37A}.Debug|Any CPU.ActiveCfg = Debug|Any CPU
		{2FAE7EAB-B1A4-4D1E-9E7D-8AF1EEA8F37A}.Debug|Any CPU.Build.0 = Debug|Any CPU
		{2FAE7EAB-B1A4-4D1E-9E7D-8AF1EEA8F37A}.Release|Any CPU.ActiveCfg = Release|Any CPU
		{2FAE7EAB-B1A4-4D1E-9E7D-8AF1EEA8F37A}.Release|Any CPU.Build.0 = Release|Any CPU
		{0BE9AFF8-B606-484C-BFB6-A06B50809404}.Debug|Any CPU.ActiveCfg = Debug|Any CPU
		{0BE9AFF8-B606-484C-BFB6-A06B50809404}.Debug|Any CPU.Build.0 = Debug|Any CPU
		{0BE9AFF8-B606-484C-BFB6-A06B50809404}.Release|Any CPU.ActiveCfg = Release|Any CPU
		{0BE9AFF8-B606-484C-BFB6-A06B50809404}.Release|Any CPU.Build.0 = Release|Any CPU
	EndGlobalSection
	GlobalSection(SolutionProperties) = preSolution
		HideSolutionNode = FALSE
	EndGlobalSection
	GlobalSection(ExtensibilityGlobals) = postSolution
		SolutionGuid = {8853490C-39A4-4988-92EA-C78F63D7E610}
	EndGlobalSection
EndGlobal
